{
  "name": "nicecubes",
  "lockfileVersion": 3,
  "requires": true,
  "packages": {
    "": {
      "dependencies": {
        "@fontsource/pt-mono": "^5.2.8",
        "@salt-ds/core": "^1.58.0",
        "@salt-ds/icons": "^1.17.1",
        "@salt-ds/theme": "^1.41.0"
      }
    },
    "node_modules/@floating-ui/core": {
      "version": "1.7.5",
      "resolved": "https://registry.npmjs.org/@floating-ui/core/-/core-1.7.5.tgz",
      "integrity": "sha512-1Ih4WTWyw0+lKyFMcBHGbb5U5FtuHJuujoyyr5zTaWS5EYMeT6Jb2AuDeftsCsEuchO+mM2ij5+q9crhydzLhQ==",
      "license": "MIT",
      "dependencies": {
        "@floating-ui/utils": "^0.2.11"
      }
    },
    "node_modules/@floating-ui/dom": {
      "version": "1.7.6",
      "resolved": "https://registry.npmjs.org/@floating-ui/dom/-/dom-1.7.6.tgz",
      "integrity": "sha512-9gZSAI5XM36880PPMm//9dfiEngYoC6Am2izES1FF406YFsjvyBMmeJ2g4SAju3xWwtuynNRFL2s9hgxpLI5SQ==",
      "license": "MIT",
      "dependencies": {
        "@floating-ui/core": "^1.7.5",
        "@floating-ui/utils": "^0.2.11"
      }
    },
    "node_modules/@floating-ui/react": {
      "version": "0.26.28",
      "resolved": "https://registry.npmjs.org/@floating-ui/react/-/react-0.26.28.tgz",
      "integrity": "sha512-yORQuuAtVpiRjpMhdc0wJj06b9JFjrYF4qp96j++v2NBpbi6SEGF7donUJ3TMieerQ6qVkAv1tgr7L4r5roTqw==",
      "license": "MIT",
      "dependencies": {
        "@floating-ui/react-dom": "^2.1.2",
        "@floating-ui/utils": "^0.2.8",
        "tabbable": "^6.0.0"
      },
      "peerDependencies": {
        "react": ">=16.8.0",
        "react-dom": ">=16.8.0"
      }
    },
    "node_modules/@floating-ui/react-dom": {
      "version": "2.1.8",
      "resolved": "https://registry.npmjs.org/@floating-ui/react-dom/-/react-dom-2.1.8.tgz",
      "integrity": "sha512-cC52bHwM/n/CxS87FH0yWdngEZrjdtLW/qVruo68qg+prK7ZQ4YGdut2GyDVpoGeAYe/h899rVeOVm6Oi40k2A==",
      "license": "MIT",
      "dependencies": {
        "@floating-ui/dom": "^1.7.6"
      },
      "peerDependencies": {
        "react": ">=16.8.0",
        "react-dom": ">=16.8.0"
      }
    },
    "node_modules/@floating-ui/utils": {
      "version": "0.2.11",
      "resolved": "https://registry.npmjs.org/@floating-ui/utils/-/utils-0.2.11.tgz",
      "integrity": "sha512-RiB/yIh78pcIxl6lLMG0CgBXAZ2Y0eVHqMPYugu+9U0AeT6YBeiJpf7lbdJNIugFP5SIjwNRgo4DhR1Qxi26Gg==",
      "license": "MIT"
    },
    "node_modules/@fontsource/pt-mono": {
      "version": "5.2.8",
      "resolved": "https://registry.npmjs.org/@fontsource/pt-mono/-/pt-mono-5.2.8.tgz",
      "integrity": "sha512-rJCYN8NRBQbT6Xvj42JBj7kLuuAV7LXfV2udQc5+2QT8pWXCz9iUb7gHDEvtb6zoljzOLPS+E3IBllSMzwazNg==",
      "license": "OFL-1.1",
      "funding": {
        "url": "https://github.com/sponsors/ayuhito"
      }
    },
    "node_modules/@salt-ds/core": {
      "version": "1.58.0",
      "resolved": "https://registry.npmjs.org/@salt-ds/core/-/core-1.58.0.tgz",
      "integrity": "sha512-5JIxuq9G+ItCPggKL37qPwJr0PC7JXD3E7UtTqzQXHVayVsNtZ1UVdhKVtMNEZZUBFl5idMx+RCfCA+e5KKemQ==",
      "license": "Apache-2.0",
      "dependencies": {
        "@floating-ui/react": "^0.26.28",
        "@salt-ds/icons": "^1.17.1",
        "@salt-ds/styles": "0.3.0",
        "@salt-ds/window": "0.1.1",
        "clsx": "^2.0.0",
        "use-sync-external-store": "^1.5.0"
      },
      "peerDependencies": {
        "@types/react": ">=16.14.0",
        "react": ">=16.14.0",
        "react-dom": ">=16.14.0"
      },
      "peerDependenciesMeta": {
        "@types/react": {
          "optional": true
        }
      }
    },
    "node_modules/@salt-ds/icons": {
      "version": "1.17.1",
      "resolved": "https://registry.npmjs.org/@salt-ds/icons/-/icons-1.17.1.tgz",
      "integrity": "sha512-gjsVgDU3EsC/vKhiv66HeWU7txMM0CIGC3WYoAzr/V0ke3RRY3oL9cCDyhTk0KhCDSUnj6eqPUFwl11lqRIUOA==",
      "license": "Apache-2.0",
      "dependencies": {
        "@salt-ds/styles": "0.3.0",
        "@salt-ds/window": "0.1.1",
        "clsx": "^2.0.0"
      },
      "peerDependencies": {
        "@types/react": ">=16.14.0",
        "react": ">=16.14.0",
        "react-dom": ">=16.14.0"
      },
      "peerDependenciesMeta": {
        "@types/react": {
          "optional": true
        }
      }
    },
    "node_modules/@salt-ds/styles": {
      "version": "0.3.0",
      "resolved": "https://registry.npmjs.org/@salt-ds/styles/-/styles-0.3.0.tgz",
      "integrity": "sha512-K8M0AHQiKTtMJV33P+opajZRVgq5iokYBas7KE0khtCTvJkV7KDHJe/xfZs9IBE5BysX8joTCm0IjG7/+BIQ4g==",
      "license": "Apache-2.0",
      "peerDependencies": {
        "@types/react": ">=16.14.0",
        "react": ">=16.14.0",
        "react-dom": ">=16.14.0"
      },
      "peerDependenciesMeta": {
        "@types/react": {
          "optional": true
        }
      }
    },
    "node_modules/@salt-ds/theme": {
      "version": "1.41.0",
      "resolved": "https://registry.npmjs.org/@salt-ds/theme/-/theme-1.41.0.tgz",
      "integrity": "sha512-UoQA7+Y8KDeXtEYSUR9WQtasaDbK6B8f9a5RSV8VBxyJl8l2Sq7QtXomp2L1iEIRzu3GtjVpgFygpD7PZdfoOg==",
      "license": "Apache-2.0"
    },
    "node_modules/@salt-ds/window": {
      "version": "0.1.1",
      "resolved": "https://registry.npmjs.org/@salt-ds/window/-/window-0.1.1.tgz",
      "integrity": "sha512-DKVRbu7YeHdqFECGhC4W3KOF1eWCyGkFyZUEUNZyK4bvPLK1NI8z5JoxGU70dLVsFgjhk4wj3i1MmAVhdXu4lA==",
      "license": "Apache-2.0",
      "peerDependencies": {
        "@types/react": ">=16.14.0",
        "react": ">=16.14.0",
        "react-dom": ">=16.14.0"
      },
      "peerDependenciesMeta": {
        "@types/react": {
          "optional": true
        }
      }
    },
    "node_modules/clsx": {
      "version": "2.1.1",
      "resolved": "https://registry.npmjs.org/clsx/-/clsx-2.1.1.tgz",
      "integrity": "sha512-eYm0QWBtUrBWZWG0d386OGAw16Z995PiOVo2B7bjWSbHedGl5e0ZWaq65kOGgUSNesEIDkB9ISbTg/JK9dhCZA==",
      "license": "MIT",
      "engines": {
        "node": ">=6"
      }
    },
    "node_modules/react": {
      "version": "19.2.4",
      "resolved": "https://registry.npmjs.org/react/-/react-19.2.4.tgz",
      "integrity": "sha512-9nfp2hYpCwOjAN+8TZFGhtWEwgvWHXqESH8qT89AT/lWklpLON22Lc8pEtnpsZz7VmawabSU0gCjnj8aC0euHQ==",
      "license": "MIT",
      "peer": true,
      "engines": {
        "node": ">=0.10.0"
      }
    },
    "node_modules/react-dom": {
      "version": "19.2.4",
      "resolved": "https://registry.npmjs.org/react-dom/-/react-dom-19.2.4.tgz",
      "integrity": "sha512-AXJdLo8kgMbimY95O2aKQqsz2iWi9jMgKJhRBAxECE4IFxfcazB2LmzloIoibJI3C12IlY20+KFaLv+71bUJeQ==",
      "license": "MIT",
      "peer": true,
      "dependencies": {
        "scheduler": "^0.27.0"
      },
      "peerDependencies": {
        "react": "^19.2.4"
      }
    },
    "node_modules/scheduler": {
      "version": "0.27.0",
      "resolved": "https://registry.npmjs.org/scheduler/-/scheduler-0.27.0.tgz",
      "integrity": "sha512-eNv+WrVbKu1f3vbYJT/xtiF5syA5HPIMtf9IgY/nKg0sWqzAUEvqY/xm7OcZc/qafLx/iO9FgOmeSAp4v5ti/Q==",
      "license": "MIT",
      "peer": true
    },
    "node_modules/tabbable": {
      "version": "6.4.0",
      "resolved": "https://registry.npmjs.org/tabbable/-/tabbable-6.4.0.tgz",
      "integrity": "sha512-05PUHKSNE8ou2dwIxTngl4EzcnsCDZGJ/iCLtDflR/SHB/ny14rXc+qU5P4mG9JkusiV7EivzY9Mhm55AzAvCg==",
      "license": "MIT"
    },
    "node_modules/use-sync-external-store": {
      "version": "1.6.0",
      "resolved": "https://registry.npmjs.org/use-sync-external-store/-/use-sync-external-store-1.6.0.tgz",
      "integrity": "sha512-Pp6GSwGP/NrPIrxVFAIkOQeyw8lFenOHijQWkUTrDvrF4ALqylP2C/KCkeS9dpUM3KvYRQhna5vt7IL95+ZQ9w==",
      "license": "MIT",
      "peerDependencies": {
        "react": "^16.8.0 || ^17.0.0 || ^18.0.0 || ^19.0.0"
      }
    }
  }
}
